
Microsoft Visual Studio Solution File, Format Version 12.00
# Visual Studio Version 17
VisualStudioVersion = 17.10.34928.147
MinimumVisualStudioVersion = 10.0.40219.1
Project("{9A19103F-16F7-4668-BE54-9A1E7A4F7556}") = "WASM_App", "..\TestWASMMudBlazor\Standalone WASM\WASM_App.csproj", "{78BCEC87-24E5-4431-B4A1-A5ACA213A355}"
EndProject
Global
	GlobalSection(SolutionConfigurationPlatforms) = preSolution
		Debug|Any CPU = Debug|Any CPU
		Release|Any CPU = Release|Any CPU
	EndGlobalSection
	GlobalSection(ProjectConfigurationPlatforms) = postSolution
		{78BCEC87-24E5-4431-B4A1-A5ACA213A355}.Debug|Any CPU.ActiveCfg = Debug|Any CPU
		{78BCEC87-24E5-4431-B4A1-A5ACA213A355}.Debug|Any CPU.Build.0 = Debug|Any CPU
		{78BCEC87-24E5-4431-B4A1-A5ACA213A355}.Release|Any CPU.ActiveCfg = Release|Any CPU
		{78BCEC87-24E5-4431-B4A1-A5ACA213A355}.Release|Any CPU.Build.0 = Release|Any CPU
	EndGlobalSection
	GlobalSection(SolutionProperties) = preSolution
		HideSolutionNode = FALSE
	EndGlobalSection
	GlobalSection(ExtensibilityGlobals) = postSolution
		SolutionGuid = {4CC40086-E47D-4E21-8775-62192F0F4685}
	EndGlobalSection
EndGlobal
